
Microsoft Visual Studio Solution File, Format Version 12.00
Project("{FAE04EC0-301F-11D3-BF4B-00C04F79EFBC}") = "ShareAPIExample", "ShareAPIExample\ShareAPIExample.csproj", "{ECE25231-54ED-4107-B356-0A0ED1DE474D}"
EndProject
Global
	GlobalSection(SolutionConfigurationPlatforms) = preSolution
		Debug|Any CPU = Debug|Any CPU
		Release|Any CPU = Release|Any CPU
	EndGlobalSection
	GlobalSection(ProjectConfigurationPlatforms) = postSolution
		{ECE25231-54ED-4107-B356-0A0ED1DE474D}.Debug|Any CPU.ActiveCfg = Debug|Any CPU
		{ECE25231-54ED-4107-B356-0A0ED1DE474D}.Debug|Any CPU.Build.0 = Debug|Any CPU
		{ECE25231-54ED-4107-B356-0A0ED1DE474D}.Release|Any CPU.ActiveCfg = Release|Any CPU
		{ECE25231-54ED-4107-B356-0A0ED1DE474D}.Release|Any CPU.Build.0 = Release|Any CPU
	EndGlobalSection
EndGlobal
